
Microsoft Visual Studio Solution File, Format Version 12.00
# Visual Studio Version 17
VisualStudioVersion = 17.13.35828.75
MinimumVisualStudioVersion = 10.0.40219.1
Project("{FAE04EC0-301F-11D3-BF4B-00C04F79EFBC}") = "VISUAL", "VISUAL\VISUAL.csproj", "{FD60EA0A-C869-420D-85C8-A5B2AB2FB3C3}"
EndProject
Project("{FAE04EC0-301F-11D3-BF4B-00C04F79EFBC}") = "DAL", "DAL\DAL.csproj", "{BA0619C2-804B-492B-9464-114A7A08AF7E}"
EndProject
Project("{FAE04EC0-301F-11D3-BF4B-00C04F79EFBC}") = "BLL", "BLL\BLL.csproj", "{AA8DEAFA-50BD-457E-8AA9-C0B351DBECAB}"
EndProject
Project("{FAE04EC0-301F-11D3-BF4B-00C04F79EFBC}") = "Entity", "Entity\Entity.csproj", "{56BFACC4-E4F5-438B-9E22-AAE4A3206660}"
EndProject
Project("{FAE04EC0-301F-11D3-BF4B-00C04F79EFBC}") = "TelegramBot", "TelegramBot\TelegramBot.csproj", "{98B36BFC-87D1-4705-834C-D4CB88AA5666}"
	ProjectSection(ProjectDependencies) = postProject
		{56BFACC4-E4F5-438B-9E22-AAE4A3206660} = {56BFACC4-E4F5-438B-9E22-AAE4A3206660}
		{AA8DEAFA-50BD-457E-8AA9-C0B351DBECAB} = {AA8DEAFA-50BD-457E-8AA9-C0B351DBECAB}
		{BA0619C2-804B-492B-9464-114A7A08AF7E} = {BA0619C2-804B-492B-9464-114A7A08AF7E}
	EndProjectSection
EndProject
Global
	GlobalSection(SolutionConfigurationPlatforms) = preSolution
		Debug|Any CPU = Debug|Any CPU
		Release|Any CPU = Release|Any CPU
	EndGlobalSection
	GlobalSection(ProjectConfigurationPlatforms) = postSolution
		{FD60EA0A-C869-420D-85C8-A5B2AB2FB3C3}.Debug|Any CPU.ActiveCfg = Debug|Any CPU
		{FD60EA0A-C869-420D-85C8-A5B2AB2FB3C3}.Debug|Any CPU.Build.0 = Debug|Any CPU
		{FD60EA0A-C869-420D-85C8-A5B2AB2FB3C3}.Release|Any CPU.ActiveCfg = Release|Any CPU
		{FD60EA0A-C869-420D-85C8-A5B2AB2FB3C3}.Release|Any CPU.Build.0 = Release|Any CPU
		{BA0619C2-804B-492B-9464-114A7A08AF7E}.Debug|Any CPU.ActiveCfg = Debug|Any CPU
		{BA0619C2-804B-492B-9464-114A7A08AF7E}.Debug|Any CPU.Build.0 = Debug|Any CPU
		{BA0619C2-804B-492B-9464-114A7A08AF7E}.Release|Any CPU.ActiveCfg = Release|Any CPU
		{BA0619C2-804B-492B-9464-114A7A08AF7E}.Release|Any CPU.Build.0 = Release|Any CPU
		{AA8DEAFA-50BD-457E-8AA9-C0B351DBECAB}.Debug|Any CPU.ActiveCfg = Debug|Any CPU
		{AA8DEAFA-50BD-457E-8AA9-C0B351DBECAB}.Debug|Any CPU.Build.0 = Debug|Any CPU
		{AA8DEAFA-50BD-457E-8AA9-C0B351DBECAB}.Release|Any CPU.ActiveCfg = Release|Any CPU
		{AA8DEAFA-50BD-457E-8AA9-C0B351DBECAB}.Release|Any CPU.Build.0 = Release|Any CPU
		{56BFACC4-E4F5-438B-9E22-AAE4A3206660}.Debug|Any CPU.ActiveCfg = Debug|Any CPU
		{56BFACC4-E4F5-438B-9E22-AAE4A3206660}.Debug|Any CPU.Build.0 = Debug|Any CPU
		{56BFACC4-E4F5-438B-9E22-AAE4A3206660}.Release|Any CPU.ActiveCfg = Release|Any CPU
		{56BFACC4-E4F5-438B-9E22-AAE4A3206660}.Release|Any CPU.Build.0 = Release|Any CPU
		{98B36BFC-87D1-4705-834C-D4CB88AA5666}.Debug|Any CPU.ActiveCfg = Debug|Any CPU
		{98B36BFC-87D1-4705-834C-D4CB88AA5666}.Debug|Any CPU.Build.0 = Debug|Any CPU
		{98B36BFC-87D1-4705-834C-D4CB88AA5666}.Release|Any CPU.ActiveCfg = Release|Any CPU
		{98B36BFC-87D1-4705-834C-D4CB88AA5666}.Release|Any CPU.Build.0 = Release|Any CPU
	EndGlobalSection
	GlobalSection(SolutionProperties) = preSolution
		HideSolutionNode = FALSE
	EndGlobalSection
	GlobalSection(ExtensibilityGlobals) = postSolution
		SolutionGuid = {345C8118-1AC1-4E90-BF05-AFED484DCCE8}
	EndGlobalSection
EndGlobal
